
Microsoft Visual Studio Solution File, Format Version 12.00
# Visual Studio Version 17
VisualStudioVersion = 17.14.36414.22
MinimumVisualStudioVersion = 10.0.40219.1
Project("{2150E333-8FDC-42A3-9474-1A3956D46DE8}") = "Task0", "Task0", "{02EA681E-C7D8-13C7-8484-4AC65E1B71E8}"
EndProject
Project("{FAE04EC0-301F-11D3-BF4B-00C04F79EFBC}") = "Tyuiu.BurmistrovNS.Sprint4.Task0.V1", "Tyuiu.BurmistrovNS.Sprint4.Task0.V1\Tyuiu.BurmistrovNS.Sprint4.Task0.V1.csproj", "{B1CD3BDF-02A4-40A4-A5AC-DB2837086D20}"
EndProject
Project("{FAE04EC0-301F-11D3-BF4B-00C04F79EFBC}") = "Tyuiu.BurmistrovNS.Sprint4.Task0.V1.Lib", "Tyuiu.BurmistrovNS.Sprint4.Task0.V1.Lib\Tyuiu.BurmistrovNS.Sprint4.Task0.V1.Lib.csproj", "{B48636D6-6347-4B6F-B284-838D1A036D71}"
EndProject
Project("{FAE04EC0-301F-11D3-BF4B-00C04F79EFBC}") = "Tyuiu.BurmistrovNS.Sprint4.Task0.V1.Test", "Tyuiu.BurmistrovNS.Sprint4.Task0.V1.Test\Tyuiu.BurmistrovNS.Sprint4.Task0.V1.Test.csproj", "{DC56A386-6C11-42D1-A587-8067C21A6849}"
EndProject
Project("{2150E333-8FDC-42A3-9474-1A3956D46DE8}") = "Task1", "Task1", "{BAD80E1C-3782-4E62-B529-47717650DCAE}"
EndProject
Project("{FAE04EC0-301F-11D3-BF4B-00C04F79EFBC}") = "Tyuiu.BurmistrovNS.Sprint4.Task1.V26", "Tyuiu.BurmistrovNS.Sprint4.Task1.V26\Tyuiu.BurmistrovNS.Sprint4.Task1.V26.csproj", "{F6145D7C-25D5-4ED3-A40B-31F6465F61FA}"
EndProject
Project("{FAE04EC0-301F-11D3-BF4B-00C04F79EFBC}") = "Tyuiu.BurmistrovNS.Sprint4.Task1.V26.Lib", "Tyuiu.BurmistrovNS.Sprint4.Task1.V26.Lib\Tyuiu.BurmistrovNS.Sprint4.Task1.V26.Lib.csproj", "{1A7EFB4C-60FE-41AD-B9BB-43975252A1D5}"
EndProject
Project("{FAE04EC0-301F-11D3-BF4B-00C04F79EFBC}") = "Tyuiu.BurmistrovNS.Sprint4.Task1.V26.Test", "Tyuiu.BurmistrovNS.Sprint4.Task1.V26.Test\Tyuiu.BurmistrovNS.Sprint4.Task1.V26.Test.csproj", "{F6AE5781-5155-4182-B99F-D535AE4B6BDC}"
EndProject
Project("{2150E333-8FDC-42A3-9474-1A3956D46DE8}") = "Task2", "Task2", "{C507385C-3533-4A1E-9B45-2BA2FBA31FF0}"
EndProject
Project("{FAE04EC0-301F-11D3-BF4B-00C04F79EFBC}") = "Tyuiu.BurmistrovNS.Sprint4.Task2.V22", "Tyuiu.BurmistrovNS.Sprint4.Task2.V22\Tyuiu.BurmistrovNS.Sprint4.Task2.V22.csproj", "{E552660A-34C0-464A-A91E-0011D90D433C}"
EndProject
Project("{FAE04EC0-301F-11D3-BF4B-00C04F79EFBC}") = "Tyuiu.BurmistrovNS.Sprint4.Task2.V22.Lib", "Tyuiu.BurmistrovNS.Sprint4.Task2.V22.Lib\Tyuiu.BurmistrovNS.Sprint4.Task2.V22.Lib.csproj", "{5C20B9B4-BF89-4887-96F8-6E3F0236FDA6}"
EndProject
Project("{FAE04EC0-301F-11D3-BF4B-00C04F79EFBC}") = "Tyuiu.BurmistrovNS.Sprint4.Task2.V22.Test", "Tyuiu.BurmistrovNS.Sprint4.Task2.V22.Test\Tyuiu.BurmistrovNS.Sprint4.Task2.V22.Test.csproj", "{42031F2C-4472-49CC-91EB-7D605710DD51}"
EndProject
Project("{2150E333-8FDC-42A3-9474-1A3956D46DE8}") = "Task3", "Task3", "{173C3300-FDFF-4331-A522-4C50E53A928B}"
EndProject
Project("{FAE04EC0-301F-11D3-BF4B-00C04F79EFBC}") = "Tyuiu.BurmistrovNS.Sprint4.Task3.V10", "Tyuiu.BurmistrovNS.Sprint4.Task3.V10\Tyuiu.BurmistrovNS.Sprint4.Task3.V10.csproj", "{74005BD4-4E7B-40FB-9344-11C240D63A82}"
EndProject
Project("{FAE04EC0-301F-11D3-BF4B-00C04F79EFBC}") = "Tyuiu.BurmistrovNS.Sprint4.Task3.V10.Lib", "Tyuiu.BurmistrovNS.Sprint4.Task3.V10.Lib\Tyuiu.BurmistrovNS.Sprint4.Task3.V10.Lib.csproj", "{E072CE3E-F29C-4E78-A1C3-D4740DAFB31B}"
EndProject
Project("{FAE04EC0-301F-11D3-BF4B-00C04F79EFBC}") = "Tyuiu.BurmistrovNS.Sprint4.Task3.V10.Test", "Tyuiu.BurmistrovNS.Sprint4.Task3.V10.Test\Tyuiu.BurmistrovNS.Sprint4.Task3.V10.Test.csproj", "{FE8AE588-C5B8-4B4A-8024-4269BA463CA2}"
EndProject
Project("{2150E333-8FDC-42A3-9474-1A3956D46DE8}") = "Task4", "Task4", "{479AA9E0-5EDA-40D6-AC55-E4FF7CB02F08}"
EndProject
Project("{FAE04EC0-301F-11D3-BF4B-00C04F79EFBC}") = "Tyuiu.BurmistrovNS.Sprint4.Task4.V2", "Tyuiu.BurmistrovNS.Sprint4.Task4.V2\Tyuiu.BurmistrovNS.Sprint4.Task4.V2.csproj", "{EAAC84FC-9C28-47FE-975A-7BD94FED5CC9}"
EndProject
Project("{FAE04EC0-301F-11D3-BF4B-00C04F79EFBC}") = "Tyuiu.BurmistrovNS.Sprint4.Task4.V2.Lib", "Tyuiu.BurmistrovNS.Sprint4.Task4.V2.Lib\Tyuiu.BurmistrovNS.Sprint4.Task4.V2.Lib.csproj", "{53E05E2C-5516-4BFB-8365-8EAD2696519F}"
EndProject
Project("{FAE04EC0-301F-11D3-BF4B-00C04F79EFBC}") = "Tyuiu.BurmistrovNS.Sprint4.Task4.V2.Test", "Tyuiu.BurmistrovNS.Sprint4.Task4.V2.Test\Tyuiu.BurmistrovNS.Sprint4.Task4.V2.Test.csproj", "{19646E4B-E908-4B89-9C42-FEFB787693F6}"
EndProject
Project("{2150E333-8FDC-42A3-9474-1A3956D46DE8}") = "Task5", "Task5", "{92367F90-058C-4626-A6A8-AEA6614403A9}"
EndProject
Project("{FAE04EC0-301F-11D3-BF4B-00C04F79EFBC}") = "Tyuiu.BurmistrovNS.Sprint4.Task5.V24", "Tyuiu.BurmistrovNS.Sprint4.Task5.V24\Tyuiu.BurmistrovNS.Sprint4.Task5.V24.csproj", "{D140BE28-5F3A-4BA5-931D-1DB890C3F610}"
EndProject
Project("{FAE04EC0-301F-11D3-BF4B-00C04F79EFBC}") = "Tyuiu.BurmistrovNS.Sprint4.Task5.V24.Lib", "Tyuiu.BurmistrovNS.Sprint4.Task5.V24.Lib\Tyuiu.BurmistrovNS.Sprint4.Task5.V24.Lib.csproj", "{E31FEB21-A7A0-4DC2-805C-CB8ED02D39E9}"
EndProject
Project("{FAE04EC0-301F-11D3-BF4B-00C04F79EFBC}") = "Tyuiu.BurmistrovNS.Sprint4.Task5.V24.Test", "Tyuiu.BurmistrovNS.Sprint4.Task5.V24.Test\Tyuiu.BurmistrovNS.Sprint4.Task5.V24.Test.csproj", "{358476C8-0073-4E20-B4BC-0CDEC1556A75}"
EndProject
Project("{2150E333-8FDC-42A3-9474-1A3956D46DE8}") = "Task6", "Task6", "{8900EF2F-7362-4CA5-9F91-3CB7DDCF9280}"
EndProject
Project("{FAE04EC0-301F-11D3-BF4B-00C04F79EFBC}") = "Tyuiu.BurmistrovNS.Sprint4.Task6.V11", "Tyuiu.BurmistrovNS.Sprint4.Task6.V11\Tyuiu.BurmistrovNS.Sprint4.Task6.V11.csproj", "{1BF2FBEA-1878-4558-B609-88655E994B86}"
EndProject
Project("{FAE04EC0-301F-11D3-BF4B-00C04F79EFBC}") = "Tyuiu.BurmistrovNS.Sprint4.Task6.V11.Lib", "Tyuiu.BurmistrovNS.Sprint4.Task6.V11.Lib\Tyuiu.BurmistrovNS.Sprint4.Task6.V11.Lib.csproj", "{0F8DDB4B-D40F-417E-AFEE-11B30F6EE824}"
EndProject
Project("{FAE04EC0-301F-11D3-BF4B-00C04F79EFBC}") = "Tyuiu.BurmistrovNS.Sprint4.Task6.V11.Test", "Tyuiu.BurmistrovNS.Sprint4.Task6.V11.Test\Tyuiu.BurmistrovNS.Sprint4.Task6.V11.Test.csproj", "{9FB7AFEB-E25B-4841-A22B-BEAA4BE992DD}"
EndProject
Global
	GlobalSection(SolutionConfigurationPlatforms) = preSolution
		Debug|Any CPU = Debug|Any CPU
		Release|Any CPU = Release|Any CPU
	EndGlobalSection
	GlobalSection(ProjectConfigurationPlatforms) = postSolution
		{B1CD3BDF-02A4-40A4-A5AC-DB2837086D20}.Debug|Any CPU.ActiveCfg = Debug|Any CPU
		{B1CD3BDF-02A4-40A4-A5AC-DB2837086D20}.Debug|Any CPU.Build.0 = Debug|Any CPU
		{B1CD3BDF-02A4-40A4-A5AC-DB2837086D20}.Release|Any CPU.ActiveCfg = Release|Any CPU
		{B1CD3BDF-02A4-40A4-A5AC-DB2837086D20}.Release|Any CPU.Build.0 = Release|Any CPU
		{B48636D6-6347-4B6F-B284-838D1A036D71}.Debug|Any CPU.ActiveCfg = Debug|Any CPU
		{B48636D6-6347-4B6F-B284-838D1A036D71}.Debug|Any CPU.Build.0 = Debug|Any CPU
		{B48636D6-6347-4B6F-B284-838D1A036D71}.Release|Any CPU.ActiveCfg = Release|Any CPU
		{B48636D6-6347-4B6F-B284-838D1A036D71}.Release|Any CPU.Build.0 = Release|Any CPU
		{DC56A386-6C11-42D1-A587-8067C21A6849}.Debug|Any CPU.ActiveCfg = Debug|Any CPU
		{DC56A386-6C11-42D1-A587-8067C21A6849}.Debug|Any CPU.Build.0 = Debug|Any CPU
		{DC56A386-6C11-42D1-A587-8067C21A6849}.Release|Any CPU.ActiveCfg = Release|Any CPU
		{DC56A386-6C11-42D1-A587-8067C21A6849}.Release|Any CPU.Build.0 = Release|Any CPU
		{F6145D7C-25D5-4ED3-A40B-31F6465F61FA}.Debug|Any CPU.ActiveCfg = Debug|Any CPU
		{F6145D7C-25D5-4ED3-A40B-31F6465F61FA}.Debug|Any CPU.Build.0 = Debug|Any CPU
		{F6145D7C-25D5-4ED3-A40B-31F6465F61FA}.Release|Any CPU.ActiveCfg = Release|Any CPU
		{F6145D7C-25D5-4ED3-A40B-31F6465F61FA}.Release|Any CPU.Build.0 = Release|Any CPU
		{1A7EFB4C-60FE-41AD-B9BB-43975252A1D5}.Debug|Any CPU.ActiveCfg = Debug|Any CPU
		{1A7EFB4C-60FE-41AD-B9BB-43975252A1D5}.Debug|Any CPU.Build.0 = Debug|Any CPU
		{1A7EFB4C-60FE-41AD-B9BB-43975252A1D5}.Release|Any CPU.ActiveCfg = Release|Any CPU
		{1A7EFB4C-60FE-41AD-B9BB-43975252A1D5}.Release|Any CPU.Build.0 = Release|Any CPU
		{F6AE5781-5155-4182-B99F-D535AE4B6BDC}.Debug|Any CPU.ActiveCfg = Debug|Any CPU
		{F6AE5781-5155-4182-B99F-D535AE4B6BDC}.Debug|Any CPU.Build.0 = Debug|Any CPU
		{F6AE5781-5155-4182-B99F-D535AE4B6BDC}.Release|Any CPU.ActiveCfg = Release|Any CPU
		{F6AE5781-5155-4182-B99F-D535AE4B6BDC}.Release|Any CPU.Build.0 = Release|Any CPU
		{E552660A-34C0-464A-A91E-0011D90D433C}.Debug|Any CPU.ActiveCfg = Debug|Any CPU
		{E552660A-34C0-464A-A91E-0011D90D433C}.Debug|Any CPU.Build.0 = Debug|Any CPU
		{E552660A-34C0-464A-A91E-0011D90D433C}.Release|Any CPU.ActiveCfg = Release|Any CPU
		{E552660A-34C0-464A-A91E-0011D90D433C}.Release|Any CPU.Build.0 = Release|Any CPU
		{5C20B9B4-BF89-4887-96F8-6E3F0236FDA6}.Debug|Any CPU.ActiveCfg = Debug|Any CPU
		{5C20B9B4-BF89-4887-96F8-6E3F0236FDA6}.Debug|Any CPU.Build.0 = Debug|Any CPU
		{5C20B9B4-BF89-4887-96F8-6E3F0236FDA6}.Release|Any CPU.ActiveCfg = Release|Any CPU
		{5C20B9B4-BF89-4887-96F8-6E3F0236FDA6}.Release|Any CPU.Build.0 = Release|Any CPU
		{42031F2C-4472-49CC-91EB-7D605710DD51}.Debug|Any CPU.ActiveCfg = Debug|Any CPU
		{42031F2C-4472-49CC-91EB-7D605710DD51}.Debug|Any CPU.Build.0 = Debug|Any CPU
		{42031F2C-4472-49CC-91EB-7D605710DD51}.Release|Any CPU.ActiveCfg = Release|Any CPU
		{42031F2C-4472-49CC-91EB-7D605710DD51}.Release|Any CPU.Build.0 = Release|Any CPU
		{74005BD4-4E7B-40FB-9344-11C240D63A82}.Debug|Any CPU.ActiveCfg = Debug|Any CPU
		{74005BD4-4E7B-40FB-9344-11C240D63A82}.Debug|Any CPU.Build.0 = Debug|Any CPU
		{74005BD4-4E7B-40FB-9344-11C240D63A82}.Release|Any CPU.ActiveCfg = Release|Any CPU
		{74005BD4-4E7B-40FB-9344-11C240D63A82}.Release|Any CPU.Build.0 = Release|Any CPU
		{E072CE3E-F29C-4E78-A1C3-D4740DAFB31B}.Debug|Any CPU.ActiveCfg = Debug|Any CPU
		{E072CE3E-F29C-4E78-A1C3-D4740DAFB31B}.Debug|Any CPU.Build.0 = Debug|Any CPU
		{E072CE3E-F29C-4E78-A1C3-D4740DAFB31B}.Release|Any CPU.ActiveCfg = Release|Any CPU
		{E072CE3E-F29C-4E78-A1C3-D4740DAFB31B}.Release|Any CPU.Build.0 = Release|Any CPU
		{FE8AE588-C5B8-4B4A-8024-4269BA463CA2}.Debug|Any CPU.ActiveCfg = Debug|Any CPU
		{FE8AE588-C5B8-4B4A-8024-4269BA463CA2}.Debug|Any CPU.Build.0 = Debug|Any CPU
		{FE8AE588-C5B8-4B4A-8024-4269BA463CA2}.Release|Any CPU.ActiveCfg = Release|Any CPU
		{FE8AE588-C5B8-4B4A-8024-4269BA463CA2}.Release|Any CPU.Build.0 = Release|Any CPU
		{EAAC84FC-9C28-47FE-975A-7BD94FED5CC9}.Debug|Any CPU.ActiveCfg = Debug|Any CPU
		{EAAC84FC-9C28-47FE-975A-7BD94FED5CC9}.Debug|Any CPU.Build.0 = Debug|Any CPU
		{EAAC84FC-9C28-47FE-975A-7BD94FED5CC9}.Release|Any CPU.ActiveCfg = Release|Any CPU
		{EAAC84FC-9C28-47FE-975A-7BD94FED5CC9}.Release|Any CPU.Build.0 = Release|Any CPU
		{53E05E2C-5516-4BFB-8365-8EAD2696519F}.Debug|Any CPU.ActiveCfg = Debug|Any CPU
		{53E05E2C-5516-4BFB-8365-8EAD2696519F}.Debug|Any CPU.Build.0 = Debug|Any CPU
		{53E05E2C-5516-4BFB-8365-8EAD2696519F}.Release|Any CPU.ActiveCfg = Release|Any CPU
		{53E05E2C-5516-4BFB-8365-8EAD2696519F}.Release|Any CPU.Build.0 = Release|Any CPU
		{19646E4B-E908-4B89-9C42-FEFB787693F6}.Debug|Any CPU.ActiveCfg = Debug|Any CPU
		{19646E4B-E908-4B89-9C42-FEFB787693F6}.Debug|Any CPU.Build.0 = Debug|Any CPU
		{19646E4B-E908-4B89-9C42-FEFB787693F6}.Release|Any CPU.ActiveCfg = Release|Any CPU
		{19646E4B-E908-4B89-9C42-FEFB787693F6}.Release|Any CPU.Build.0 = Release|Any CPU
		{D140BE28-5F3A-4BA5-931D-1DB890C3F610}.Debug|Any CPU.ActiveCfg = Debug|Any CPU
		{D140BE28-5F3A-4BA5-931D-1DB890C3F610}.Debug|Any CPU.Build.0 = Debug|Any CPU
		{D140BE28-5F3A-4BA5-931D-1DB890C3F610}.Release|Any CPU.ActiveCfg = Release|Any CPU
		{D140BE28-5F3A-4BA5-931D-1DB890C3F610}.Release|Any CPU.Build.0 = Release|Any CPU
		{E31FEB21-A7A0-4DC2-805C-CB8ED02D39E9}.Debug|Any CPU.ActiveCfg = Debug|Any CPU
		{E31FEB21-A7A0-4DC2-805C-CB8ED02D39E9}.Debug|Any CPU.Build.0 = Debug|Any CPU
		{E31FEB21-A7A0-4DC2-805C-CB8ED02D39E9}.Release|Any CPU.ActiveCfg = Release|Any CPU
		{E31FEB21-A7A0-4DC2-805C-CB8ED02D39E9}.Release|Any CPU.Build.0 = Release|Any CPU
		{358476C8-0073-4E20-B4BC-0CDEC1556A75}.Debug|Any CPU.ActiveCfg = Debug|Any CPU
		{358476C8-0073-4E20-B4BC-0CDEC1556A75}.Debug|Any CPU.Build.0 = Debug|Any CPU
		{358476C8-0073-4E20-B4BC-0CDEC1556A75}.Release|Any CPU.ActiveCfg = Release|Any CPU
		{358476C8-0073-4E20-B4BC-0CDEC1556A75}.Release|Any CPU.Build.0 = Release|Any CPU
		{1BF2FBEA-1878-4558-B609-88655E994B86}.Debug|Any CPU.ActiveCfg = Debug|Any CPU
		{1BF2FBEA-1878-4558-B609-88655E994B86}.Debug|Any CPU.Build.0 = Debug|Any CPU
		{1BF2FBEA-1878-4558-B609-88655E994B86}.Release|Any CPU.ActiveCfg = Release|Any CPU
		{1BF2FBEA-1878-4558-B609-88655E994B86}.Release|Any CPU.Build.0 = Release|Any CPU
		{0F8DDB4B-D40F-417E-AFEE-11B30F6EE824}.Debug|Any CPU.ActiveCfg = Debug|Any CPU
		{0F8DDB4B-D40F-417E-AFEE-11B30F6EE824}.Debug|Any CPU.Build.0 = Debug|Any CPU
		{0F8DDB4B-D40F-417E-AFEE-11B30F6EE824}.Release|Any CPU.ActiveCfg = Release|Any CPU
		{0F8DDB4B-D40F-417E-AFEE-11B30F6EE824}.Release|Any CPU.Build.0 = Release|Any CPU
		{9FB7AFEB-E25B-4841-A22B-BEAA4BE992DD}.Debug|Any CPU.ActiveCfg = Debug|Any CPU
		{9FB7AFEB-E25B-4841-A22B-BEAA4BE992DD}.Debug|Any CPU.Build.0 = Debug|Any CPU
		{9FB7AFEB-E25B-4841-A22B-BEAA4BE992DD}.Release|Any CPU.ActiveCfg = Release|Any CPU
		{9FB7AFEB-E25B-4841-A22B-BEAA4BE992DD}.Release|Any CPU.Build.0 = Release|Any CPU
	EndGlobalSection
	GlobalSection(SolutionProperties) = preSolution
		HideSolutionNode = FALSE
	EndGlobalSection
	GlobalSection(NestedProjects) = preSolution
		{B1CD3BDF-02A4-40A4-A5AC-DB2837086D20} = {02EA681E-C7D8-13C7-8484-4AC65E1B71E8}
		{B48636D6-6347-4B6F-B284-838D1A036D71} = {02EA681E-C7D8-13C7-8484-4AC65E1B71E8}
		{DC56A386-6C11-42D1-A587-8067C21A6849} = {02EA681E-C7D8-13C7-8484-4AC65E1B71E8}
		{F6145D7C-25D5-4ED3-A40B-31F6465F61FA} = {BAD80E1C-3782-4E62-B529-47717650DCAE}
		{1A7EFB4C-60FE-41AD-B9BB-43975252A1D5} = {BAD80E1C-3782-4E62-B529-47717650DCAE}
		{F6AE5781-5155-4182-B99F-D535AE4B6BDC} = {BAD80E1C-3782-4E62-B529-47717650DCAE}
		{E552660A-34C0-464A-A91E-0011D90D433C} = {C507385C-3533-4A1E-9B45-2BA2FBA31FF0}
		{5C20B9B4-BF89-4887-96F8-6E3F0236FDA6} = {C507385C-3533-4A1E-9B45-2BA2FBA31FF0}
		{42031F2C-4472-49CC-91EB-7D605710DD51} = {C507385C-3533-4A1E-9B45-2BA2FBA31FF0}
		{74005BD4-4E7B-40FB-9344-11C240D63A82} = {173C3300-FDFF-4331-A522-4C50E53A928B}
		{E072CE3E-F29C-4E78-A1C3-D4740DAFB31B} = {173C3300-FDFF-4331-A522-4C50E53A928B}
		{FE8AE588-C5B8-4B4A-8024-4269BA463CA2} = {173C3300-FDFF-4331-A522-4C50E53A928B}
		{EAAC84FC-9C28-47FE-975A-7BD94FED5CC9} = {479AA9E0-5EDA-40D6-AC55-E4FF7CB02F08}
		{53E05E2C-5516-4BFB-8365-8EAD2696519F} = {479AA9E0-5EDA-40D6-AC55-E4FF7CB02F08}
		{19646E4B-E908-4B89-9C42-FEFB787693F6} = {479AA9E0-5EDA-40D6-AC55-E4FF7CB02F08}
		{D140BE28-5F3A-4BA5-931D-1DB890C3F610} = {92367F90-058C-4626-A6A8-AEA6614403A9}
		{E31FEB21-A7A0-4DC2-805C-CB8ED02D39E9} = {92367F90-058C-4626-A6A8-AEA6614403A9}
		{358476C8-0073-4E20-B4BC-0CDEC1556A75} = {92367F90-058C-4626-A6A8-AEA6614403A9}
		{1BF2FBEA-1878-4558-B609-88655E994B86} = {8900EF2F-7362-4CA5-9F91-3CB7DDCF9280}
		{0F8DDB4B-D40F-417E-AFEE-11B30F6EE824} = {8900EF2F-7362-4CA5-9F91-3CB7DDCF9280}
		{9FB7AFEB-E25B-4841-A22B-BEAA4BE992DD} = {8900EF2F-7362-4CA5-9F91-3CB7DDCF9280}
	EndGlobalSection
	GlobalSection(ExtensibilityGlobals) = postSolution
		SolutionGuid = {73697420-361C-4EDE-B471-82D3F6C1114B}
	EndGlobalSection
EndGlobal
